
Microsoft Visual Studio Solution File, Format Version 12.00
# Visual Studio Version 17
VisualStudioVersion = 17.8.34309.116
MinimumVisualStudioVersion = 10.0.40219.1
Project("{FAE04EC0-301F-11D3-BF4B-00C04F79EFBC}") = "Logic_Programs", "Logic_Programs.csproj", "{B444909A-B597-42A5-94BD-0B3DD0995F21}"
EndProject
Global
	GlobalSection(SolutionConfigurationPlatforms) = preSolution
		Debug|Any CPU = Debug|Any CPU
		Release|Any CPU = Release|Any CPU
	EndGlobalSection
	GlobalSection(ProjectConfigurationPlatforms) = postSolution
		{B444909A-B597-42A5-94BD-0B3DD0995F21}.Debug|Any CPU.ActiveCfg = Debug|Any CPU
		{B444909A-B597-42A5-94BD-0B3DD0995F21}.Debug|Any CPU.Build.0 = Debug|Any CPU
		{B444909A-B597-42A5-94BD-0B3DD0995F21}.Release|Any CPU.ActiveCfg = Release|Any CPU
		{B444909A-B597-42A5-94BD-0B3DD0995F21}.Release|Any CPU.Build.0 = Release|Any CPU
	EndGlobalSection
	GlobalSection(SolutionProperties) = preSolution
		HideSolutionNode = FALSE
	EndGlobalSection
	GlobalSection(ExtensibilityGlobals) = postSolution
		SolutionGuid = {EAEE8E79-BC47-479D-B9AA-614801206FC9}
	EndGlobalSection
EndGlobal
